
Microsoft Visual Studio Solution File, Format Version 12.00
# Visual Studio Version 16
VisualStudioVersion = 25.0.1705.1
MinimumVisualStudioVersion = 10.0.40219.1
Project("{FAE04EC0-301F-11D3-BF4B-00C04F79EFBC}") = "Music Theory Chord Translator", "Music Theory Chord Translator\Music Theory Chord Translator.csproj", "{0C359439-8A4A-420E-8EA8-8E3056F50204}"
EndProject
Global
	GlobalSection(SolutionConfigurationPlatforms) = preSolution
		Debug|Any CPU = Debug|Any CPU
		Release|Any CPU = Release|Any CPU
	EndGlobalSection
	GlobalSection(ProjectConfigurationPlatforms) = postSolution
		{0C359439-8A4A-420E-8EA8-8E3056F50204}.Debug|Any CPU.ActiveCfg = Debug|Any CPU
		{0C359439-8A4A-420E-8EA8-8E3056F50204}.Debug|Any CPU.Build.0 = Debug|Any CPU
		{0C359439-8A4A-420E-8EA8-8E3056F50204}.Release|Any CPU.ActiveCfg = Release|Any CPU
		{0C359439-8A4A-420E-8EA8-8E3056F50204}.Release|Any CPU.Build.0 = Release|Any CPU
	EndGlobalSection
	GlobalSection(SolutionProperties) = preSolution
		HideSolutionNode = FALSE
	EndGlobalSection
	GlobalSection(ExtensibilityGlobals) = postSolution
		SolutionGuid = {D753E916-A6C1-424C-8AAC-5BDB98B1D76B}
	EndGlobalSection
EndGlobal
